
Microsoft Visual Studio Solution File, Format Version 12.00
# Visual Studio 2013
VisualStudioVersion = 12.0.31101.0
MinimumVisualStudioVersion = 10.0.40219.1
Project("{FAE04EC0-301F-11D3-BF4B-00C04F79EFBC}") = "SQLiteSample", "SQLiteSample\SQLiteSample\SQLiteSample.csproj", "{5A88CA05-1AFD-491C-8DE5-EAD8D1BCF3FF}"
EndProject
Project("{FAE04EC0-301F-11D3-BF4B-00C04F79EFBC}") = "SQLiteSample.iOS", "SQLiteSample\SQLiteSample.iOS\SQLiteSample.iOS.csproj", "{BFBD1266-1460-4060-AC70-D66DDEF4296F}"
EndProject
Project("{FAE04EC0-301F-11D3-BF4B-00C04F79EFBC}") = "SQLiteSample.Droid", "SQLiteSample\SQLiteSample.Droid\SQLiteSample.Droid.csproj", "{10BCDC01-029E-4819-B521-5E78456FA7CD}"
EndProject
Project("{FAE04EC0-301F-11D3-BF4B-00C04F79EFBC}") = "SQLiteSample.WinPhone", "SQLiteSample\SQLiteSample.WinPhone\SQLiteSample.WinPhone.csproj", "{C2D1A2D6-9DC0-4D14-B384-726C3ADC3CB7}"
EndProject
Global
	GlobalSection(SolutionConfigurationPlatforms) = preSolution
		Ad-Hoc|Any CPU = Ad-Hoc|Any CPU
		Ad-Hoc|ARM = Ad-Hoc|ARM
		Ad-Hoc|iPhone = Ad-Hoc|iPhone
		Ad-Hoc|iPhoneSimulator = Ad-Hoc|iPhoneSimulator
		Ad-Hoc|Mixed Platforms = Ad-Hoc|Mixed Platforms
		Ad-Hoc|x86 = Ad-Hoc|x86
		AppStore|Any CPU = AppStore|Any CPU
		AppStore|ARM = AppStore|ARM
		AppStore|iPhone = AppStore|iPhone
		AppStore|iPhoneSimulator = AppStore|iPhoneSimulator
		AppStore|Mixed Platforms = AppStore|Mixed Platforms
		AppStore|x86 = AppStore|x86
		Debug|Any CPU = Debug|Any CPU
		Debug|ARM = Debug|ARM
		Debug|iPhone = Debug|iPhone
		Debug|iPhoneSimulator = Debug|iPhoneSimulator
		Debug|Mixed Platforms = Debug|Mixed Platforms
		Debug|x86 = Debug|x86
		Release|Any CPU = Release|Any CPU
		Release|ARM = Release|ARM
		Release|iPhone = Release|iPhone
		Release|iPhoneSimulator = Release|iPhoneSimulator
		Release|Mixed Platforms = Release|Mixed Platforms
		Release|x86 = Release|x86
	EndGlobalSection
	GlobalSection(ProjectConfigurationPlatforms) = postSolution
		{5A88CA05-1AFD-491C-8DE5-EAD8D1BCF3FF}.Ad-Hoc|Any CPU.ActiveCfg = Release|Any CPU
		{5A88CA05-1AFD-491C-8DE5-EAD8D1BCF3FF}.Ad-Hoc|Any CPU.Build.0 = Release|Any CPU
		{5A88CA05-1AFD-491C-8DE5-EAD8D1BCF3FF}.Ad-Hoc|ARM.ActiveCfg = Release|Any CPU
		{5A88CA05-1AFD-491C-8DE5-EAD8D1BCF3FF}.Ad-Hoc|iPhone.ActiveCfg = Release|Any CPU
		{5A88CA05-1AFD-491C-8DE5-EAD8D1BCF3FF}.Ad-Hoc|iPhoneSimulator.ActiveCfg = Release|Any CPU
		{5A88CA05-1AFD-491C-8DE5-EAD8D1BCF3FF}.Ad-Hoc|Mixed Platforms.ActiveCfg = Release|Any CPU
		{5A88CA05-1AFD-491C-8DE5-EAD8D1BCF3FF}.Ad-Hoc|Mixed Platforms.Build.0 = Release|Any CPU
		{5A88CA05-1AFD-491C-8DE5-EAD8D1BCF3FF}.Ad-Hoc|x86.ActiveCfg = Release|Any CPU
		{5A88CA05-1AFD-491C-8DE5-EAD8D1BCF3FF}.AppStore|Any CPU.ActiveCfg = Release|Any CPU
		{5A88CA05-1AFD-491C-8DE5-EAD8D1BCF3FF}.AppStore|Any CPU.Build.0 = Release|Any CPU
		{5A88CA05-1AFD-491C-8DE5-EAD8D1BCF3FF}.AppStore|ARM.ActiveCfg = Release|Any CPU
		{5A88CA05-1AFD-491C-8DE5-EAD8D1BCF3FF}.AppStore|iPhone.ActiveCfg = Release|Any CPU
		{5A88CA05-1AFD-491C-8DE5-EAD8D1BCF3FF}.AppStore|iPhoneSimulator.ActiveCfg = Release|Any CPU
		{5A88CA05-1AFD-491C-8DE5-EAD8D1BCF3FF}.AppStore|Mixed Platforms.ActiveCfg = Release|Any CPU
		{5A88CA05-1AFD-491C-8DE5-EAD8D1BCF3FF}.AppStore|Mixed Platforms.Build.0 = Release|Any CPU
		{5A88CA05-1AFD-491C-8DE5-EAD8D1BCF3FF}.AppStore|x86.ActiveCfg = Release|Any CPU
		{5A88CA05-1AFD-491C-8DE5-EAD8D1BCF3FF}.Debug|Any CPU.ActiveCfg = Debug|Any CPU
		{5A88CA05-1AFD-491C-8DE5-EAD8D1BCF3FF}.Debug|Any CPU.Build.0 = Debug|Any CPU
		{5A88CA05-1AFD-491C-8DE5-EAD8D1BCF3FF}.Debug|ARM.ActiveCfg = Debug|Any CPU
		{5A88CA05-1AFD-491C-8DE5-EAD8D1BCF3FF}.Debug|iPhone.ActiveCfg = Debug|Any CPU
		{5A88CA05-1AFD-491C-8DE5-EAD8D1BCF3FF}.Debug|iPhone.Build.0 = Debug|Any CPU
		{5A88CA05-1AFD-491C-8DE5-EAD8D1BCF3FF}.Debug|iPhoneSimulator.ActiveCfg = Debug|Any CPU
		{5A88CA05-1AFD-491C-8DE5-EAD8D1BCF3FF}.Debug|iPhoneSimulator.Build.0 = Debug|Any CPU
		{5A88CA05-1AFD-491C-8DE5-EAD8D1BCF3FF}.Debug|Mixed Platforms.ActiveCfg = Debug|Any CPU
		{5A88CA05-1AFD-491C-8DE5-EAD8D1BCF3FF}.Debug|Mixed Platforms.Build.0 = Debug|Any CPU
		{5A88CA05-1AFD-491C-8DE5-EAD8D1BCF3FF}.Debug|x86.ActiveCfg = Debug|Any CPU
		{5A88CA05-1AFD-491C-8DE5-EAD8D1BCF3FF}.Release|Any CPU.ActiveCfg = Release|Any CPU
		{5A88CA05-1AFD-491C-8DE5-EAD8D1BCF3FF}.Release|Any CPU.Build.0 = Release|Any CPU
		{5A88CA05-1AFD-491C-8DE5-EAD8D1BCF3FF}.Release|ARM.ActiveCfg = Release|Any CPU
		{5A88CA05-1AFD-491C-8DE5-EAD8D1BCF3FF}.Release|iPhone.ActiveCfg = Release|Any CPU
		{5A88CA05-1AFD-491C-8DE5-EAD8D1BCF3FF}.Release|iPhoneSimulator.ActiveCfg = Release|Any CPU
		{5A88CA05-1AFD-491C-8DE5-EAD8D1BCF3FF}.Release|Mixed Platforms.ActiveCfg = Release|Any CPU
		{5A88CA05-1AFD-491C-8DE5-EAD8D1BCF3FF}.Release|Mixed Platforms.Build.0 = Release|Any CPU
		{5A88CA05-1AFD-491C-8DE5-EAD8D1BCF3FF}.Release|x86.ActiveCfg = Release|Any CPU
		{BFBD1266-1460-4060-AC70-D66DDEF4296F}.Ad-Hoc|Any CPU.ActiveCfg = Ad-Hoc|iPhone
		{BFBD1266-1460-4060-AC70-D66DDEF4296F}.Ad-Hoc|ARM.ActiveCfg = Ad-Hoc|iPhone
		{BFBD1266-1460-4060-AC70-D66DDEF4296F}.Ad-Hoc|iPhone.ActiveCfg = Ad-Hoc|iPhone
		{BFBD1266-1460-4060-AC70-D66DDEF4296F}.Ad-Hoc|iPhone.Build.0 = Ad-Hoc|iPhone
		{BFBD1266-1460-4060-AC70-D66DDEF4296F}.Ad-Hoc|iPhoneSimulator.ActiveCfg = Ad-Hoc|iPhoneSimulator
		{BFBD1266-1460-4060-AC70-D66DDEF4296F}.Ad-Hoc|iPhoneSimulator.Build.0 = Ad-Hoc|iPhoneSimulator
		{BFBD1266-1460-4060-AC70-D66DDEF4296F}.Ad-Hoc|Mixed Platforms.ActiveCfg = Ad-Hoc|iPhone
		{BFBD1266-1460-4060-AC70-D66DDEF4296F}.Ad-Hoc|Mixed Platforms.Build.0 = Ad-Hoc|iPhone
		{BFBD1266-1460-4060-AC70-D66DDEF4296F}.Ad-Hoc|x86.ActiveCfg = Ad-Hoc|iPhone
		{BFBD1266-1460-4060-AC70-D66DDEF4296F}.AppStore|Any CPU.ActiveCfg = AppStore|iPhone
		{BFBD1266-1460-4060-AC70-D66DDEF4296F}.AppStore|ARM.ActiveCfg = AppStore|iPhone
		{BFBD1266-1460-4060-AC70-D66DDEF4296F}.AppStore|iPhone.ActiveCfg = AppStore|iPhone
		{BFBD1266-1460-4060-AC70-D66DDEF4296F}.AppStore|iPhone.Build.0 = AppStore|iPhone
		{BFBD1266-1460-4060-AC70-D66DDEF4296F}.AppStore|iPhoneSimulator.ActiveCfg = AppStore|iPhoneSimulator
		{BFBD1266-1460-4060-AC70-D66DDEF4296F}.AppStore|iPhoneSimulator.Build.0 = AppStore|iPhoneSimulator
		{BFBD1266-1460-4060-AC70-D66DDEF4296F}.AppStore|Mixed Platforms.ActiveCfg = AppStore|iPhone
		{BFBD1266-1460-4060-AC70-D66DDEF4296F}.AppStore|Mixed Platforms.Build.0 = AppStore|iPhone
		{BFBD1266-1460-4060-AC70-D66DDEF4296F}.AppStore|x86.ActiveCfg = AppStore|iPhone
		{BFBD1266-1460-4060-AC70-D66DDEF4296F}.Debug|Any CPU.ActiveCfg = Debug|iPhone
		{BFBD1266-1460-4060-AC70-D66DDEF4296F}.Debug|ARM.ActiveCfg = Debug|iPhone
		{BFBD1266-1460-4060-AC70-D66DDEF4296F}.Debug|iPhone.ActiveCfg = Debug|iPhoneSimulator
		{BFBD1266-1460-4060-AC70-D66DDEF4296F}.Debug|iPhone.Build.0 = Debug|iPhoneSimulator
		{BFBD1266-1460-4060-AC70-D66DDEF4296F}.Debug|iPhoneSimulator.ActiveCfg = Debug|iPhoneSimulator
		{BFBD1266-1460-4060-AC70-D66DDEF4296F}.Debug|iPhoneSimulator.Build.0 = Debug|iPhoneSimulator
		{BFBD1266-1460-4060-AC70-D66DDEF4296F}.Debug|Mixed Platforms.ActiveCfg = Debug|iPhone
		{BFBD1266-1460-4060-AC70-D66DDEF4296F}.Debug|Mixed Platforms.Build.0 = Debug|iPhone
		{BFBD1266-1460-4060-AC70-D66DDEF4296F}.Debug|x86.ActiveCfg = Debug|iPhone
		{BFBD1266-1460-4060-AC70-D66DDEF4296F}.Release|Any CPU.ActiveCfg = Release|iPhone
		{BFBD1266-1460-4060-AC70-D66DDEF4296F}.Release|ARM.ActiveCfg = Release|iPhone
		{BFBD1266-1460-4060-AC70-D66DDEF4296F}.Release|iPhone.ActiveCfg = Release|iPhone
		{BFBD1266-1460-4060-AC70-D66DDEF4296F}.Release|iPhone.Build.0 = Release|iPhone
		{BFBD1266-1460-4060-AC70-D66DDEF4296F}.Release|iPhoneSimulator.ActiveCfg = Release|iPhoneSimulator
		{BFBD1266-1460-4060-AC70-D66DDEF4296F}.Release|iPhoneSimulator.Build.0 = Release|iPhoneSimulator
		{BFBD1266-1460-4060-AC70-D66DDEF4296F}.Release|Mixed Platforms.ActiveCfg = Release|iPhone
		{BFBD1266-1460-4060-AC70-D66DDEF4296F}.Release|Mixed Platforms.Build.0 = Release|iPhone
		{BFBD1266-1460-4060-AC70-D66DDEF4296F}.Release|x86.ActiveCfg = Release|iPhone
		{10BCDC01-029E-4819-B521-5E78456FA7CD}.Ad-Hoc|Any CPU.ActiveCfg = Release|Any CPU
		{10BCDC01-029E-4819-B521-5E78456FA7CD}.Ad-Hoc|Any CPU.Build.0 = Release|Any CPU
		{10BCDC01-029E-4819-B521-5E78456FA7CD}.Ad-Hoc|Any CPU.Deploy.0 = Release|Any CPU
		{10BCDC01-029E-4819-B521-5E78456FA7CD}.Ad-Hoc|ARM.ActiveCfg = Release|Any CPU
		{10BCDC01-029E-4819-B521-5E78456FA7CD}.Ad-Hoc|iPhone.ActiveCfg = Release|Any CPU
		{10BCDC01-029E-4819-B521-5E78456FA7CD}.Ad-Hoc|iPhoneSimulator.ActiveCfg = Release|Any CPU
		{10BCDC01-029E-4819-B521-5E78456FA7CD}.Ad-Hoc|Mixed Platforms.ActiveCfg = Release|Any CPU
		{10BCDC01-029E-4819-B521-5E78456FA7CD}.Ad-Hoc|Mixed Platforms.Build.0 = Release|Any CPU
		{10BCDC01-029E-4819-B521-5E78456FA7CD}.Ad-Hoc|Mixed Platforms.Deploy.0 = Release|Any CPU
		{10BCDC01-029E-4819-B521-5E78456FA7CD}.Ad-Hoc|x86.ActiveCfg = Release|Any CPU
		{10BCDC01-029E-4819-B521-5E78456FA7CD}.AppStore|Any CPU.ActiveCfg = Release|Any CPU
		{10BCDC01-029E-4819-B521-5E78456FA7CD}.AppStore|Any CPU.Build.0 = Release|Any CPU
		{10BCDC01-029E-4819-B521-5E78456FA7CD}.AppStore|Any CPU.Deploy.0 = Release|Any CPU
		{10BCDC01-029E-4819-B521-5E78456FA7CD}.AppStore|ARM.ActiveCfg = Release|Any CPU
		{10BCDC01-029E-4819-B521-5E78456FA7CD}.AppStore|iPhone.ActiveCfg = Release|Any CPU
		{10BCDC01-029E-4819-B521-5E78456FA7CD}.AppStore|iPhoneSimulator.ActiveCfg = Release|Any CPU
		{10BCDC01-029E-4819-B521-5E78456FA7CD}.AppStore|Mixed Platforms.ActiveCfg = Release|Any CPU
		{10BCDC01-029E-4819-B521-5E78456FA7CD}.AppStore|Mixed Platforms.Build.0 = Release|Any CPU
		{10BCDC01-029E-4819-B521-5E78456FA7CD}.AppStore|Mixed Platforms.Deploy.0 = Release|Any CPU
		{10BCDC01-029E-4819-B521-5E78456FA7CD}.AppStore|x86.ActiveCfg = Release|Any CPU
		{10BCDC01-029E-4819-B521-5E78456FA7CD}.Debug|Any CPU.ActiveCfg = Debug|Any CPU
		{10BCDC01-029E-4819-B521-5E78456FA7CD}.Debug|Any CPU.Build.0 = Debug|Any CPU
		{10BCDC01-029E-4819-B521-5E78456FA7CD}.Debug|Any CPU.Deploy.0 = Debug|Any CPU
		{10BCDC01-029E-4819-B521-5E78456FA7CD}.Debug|ARM.ActiveCfg = Debug|Any CPU
		{10BCDC01-029E-4819-B521-5E78456FA7CD}.Debug|iPhone.ActiveCfg = Debug|Any CPU
		{10BCDC01-029E-4819-B521-5E78456FA7CD}.Debug|iPhoneSimulator.ActiveCfg = Debug|Any CPU
		{10BCDC01-029E-4819-B521-5E78456FA7CD}.Debug|iPhoneSimulator.Build.0 = Debug|Any CPU
		{10BCDC01-029E-4819-B521-5E78456FA7CD}.Debug|iPhoneSimulator.Deploy.0 = Debug|Any CPU
		{10BCDC01-029E-4819-B521-5E78456FA7CD}.Debug|Mixed Platforms.ActiveCfg = Debug|Any CPU
		{10BCDC01-029E-4819-B521-5E78456FA7CD}.Debug|Mixed Platforms.Build.0 = Debug|Any CPU
		{10BCDC01-029E-4819-B521-5E78456FA7CD}.Debug|Mixed Platforms.Deploy.0 = Debug|Any CPU
		{10BCDC01-029E-4819-B521-5E78456FA7CD}.Debug|x86.ActiveCfg = Debug|Any CPU
		{10BCDC01-029E-4819-B521-5E78456FA7CD}.Release|Any CPU.ActiveCfg = Release|Any CPU
		{10BCDC01-029E-4819-B521-5E78456FA7CD}.Release|Any CPU.Build.0 = Release|Any CPU
		{10BCDC01-029E-4819-B521-5E78456FA7CD}.Release|Any CPU.Deploy.0 = Release|Any CPU
		{10BCDC01-029E-4819-B521-5E78456FA7CD}.Release|ARM.ActiveCfg = Release|Any CPU
		{10BCDC01-029E-4819-B521-5E78456FA7CD}.Release|iPhone.ActiveCfg = Release|Any CPU
		{10BCDC01-029E-4819-B521-5E78456FA7CD}.Release|iPhoneSimulator.ActiveCfg = Release|Any CPU
		{10BCDC01-029E-4819-B521-5E78456FA7CD}.Release|Mixed Platforms.ActiveCfg = Release|Any CPU
		{10BCDC01-029E-4819-B521-5E78456FA7CD}.Release|Mixed Platforms.Build.0 = Release|Any CPU
		{10BCDC01-029E-4819-B521-5E78456FA7CD}.Release|Mixed Platforms.Deploy.0 = Release|Any CPU
		{10BCDC01-029E-4819-B521-5E78456FA7CD}.Release|x86.ActiveCfg = Release|Any CPU
		{C2D1A2D6-9DC0-4D14-B384-726C3ADC3CB7}.Ad-Hoc|Any CPU.ActiveCfg = Release|Any CPU
		{C2D1A2D6-9DC0-4D14-B384-726C3ADC3CB7}.Ad-Hoc|Any CPU.Build.0 = Release|Any CPU
		{C2D1A2D6-9DC0-4D14-B384-726C3ADC3CB7}.Ad-Hoc|Any CPU.Deploy.0 = Release|Any CPU
		{C2D1A2D6-9DC0-4D14-B384-726C3ADC3CB7}.Ad-Hoc|ARM.ActiveCfg = Release|ARM
		{C2D1A2D6-9DC0-4D14-B384-726C3ADC3CB7}.Ad-Hoc|ARM.Build.0 = Release|ARM
		{C2D1A2D6-9DC0-4D14-B384-726C3ADC3CB7}.Ad-Hoc|ARM.Deploy.0 = Release|ARM
		{C2D1A2D6-9DC0-4D14-B384-726C3ADC3CB7}.Ad-Hoc|iPhone.ActiveCfg = Release|Any CPU
		{C2D1A2D6-9DC0-4D14-B384-726C3ADC3CB7}.Ad-Hoc|iPhoneSimulator.ActiveCfg = Release|Any CPU
		{C2D1A2D6-9DC0-4D14-B384-726C3ADC3CB7}.Ad-Hoc|Mixed Platforms.ActiveCfg = Release|x86
		{C2D1A2D6-9DC0-4D14-B384-726C3ADC3CB7}.Ad-Hoc|Mixed Platforms.Build.0 = Release|x86
		{C2D1A2D6-9DC0-4D14-B384-726C3ADC3CB7}.Ad-Hoc|Mixed Platforms.Deploy.0 = Release|x86
		{C2D1A2D6-9DC0-4D14-B384-726C3ADC3CB7}.Ad-Hoc|x86.ActiveCfg = Release|x86
		{C2D1A2D6-9DC0-4D14-B384-726C3ADC3CB7}.Ad-Hoc|x86.Build.0 = Release|x86
		{C2D1A2D6-9DC0-4D14-B384-726C3ADC3CB7}.Ad-Hoc|x86.Deploy.0 = Release|x86
		{C2D1A2D6-9DC0-4D14-B384-726C3ADC3CB7}.AppStore|Any CPU.ActiveCfg = Release|Any CPU
		{C2D1A2D6-9DC0-4D14-B384-726C3ADC3CB7}.AppStore|Any CPU.Build.0 = Release|Any CPU
		{C2D1A2D6-9DC0-4D14-B384-726C3ADC3CB7}.AppStore|Any CPU.Deploy.0 = Release|Any CPU
		{C2D1A2D6-9DC0-4D14-B384-726C3ADC3CB7}.AppStore|ARM.ActiveCfg = Release|ARM
		{C2D1A2D6-9DC0-4D14-B384-726C3ADC3CB7}.AppStore|ARM.Build.0 = Release|ARM
		{C2D1A2D6-9DC0-4D14-B384-726C3ADC3CB7}.AppStore|ARM.Deploy.0 = Release|ARM
		{C2D1A2D6-9DC0-4D14-B384-726C3ADC3CB7}.AppStore|iPhone.ActiveCfg = Release|Any CPU
		{C2D1A2D6-9DC0-4D14-B384-726C3ADC3CB7}.AppStore|iPhoneSimulator.ActiveCfg = Release|Any CPU
		{C2D1A2D6-9DC0-4D14-B384-726C3ADC3CB7}.AppStore|Mixed Platforms.ActiveCfg = Release|x86
		{C2D1A2D6-9DC0-4D14-B384-726C3ADC3CB7}.AppStore|Mixed Platforms.Build.0 = Release|x86
		{C2D1A2D6-9DC0-4D14-B384-726C3ADC3CB7}.AppStore|Mixed Platforms.Deploy.0 = Release|x86
		{C2D1A2D6-9DC0-4D14-B384-726C3ADC3CB7}.AppStore|x86.ActiveCfg = Release|x86
		{C2D1A2D6-9DC0-4D14-B384-726C3ADC3CB7}.AppStore|x86.Build.0 = Release|x86
		{C2D1A2D6-9DC0-4D14-B384-726C3ADC3CB7}.AppStore|x86.Deploy.0 = Release|x86
		{C2D1A2D6-9DC0-4D14-B384-726C3ADC3CB7}.Debug|Any CPU.ActiveCfg = Debug|Any CPU
		{C2D1A2D6-9DC0-4D14-B384-726C3ADC3CB7}.Debug|Any CPU.Build.0 = Debug|Any CPU
		{C2D1A2D6-9DC0-4D14-B384-726C3ADC3CB7}.Debug|Any CPU.Deploy.0 = Debug|Any CPU
		{C2D1A2D6-9DC0-4D14-B384-726C3ADC3CB7}.Debug|ARM.ActiveCfg = Debug|ARM
		{C2D1A2D6-9DC0-4D14-B384-726C3ADC3CB7}.Debug|ARM.Build.0 = Debug|ARM
		{C2D1A2D6-9DC0-4D14-B384-726C3ADC3CB7}.Debug|ARM.Deploy.0 = Debug|ARM
		{C2D1A2D6-9DC0-4D14-B384-726C3ADC3CB7}.Debug|iPhone.ActiveCfg = Debug|Any CPU
		{C2D1A2D6-9DC0-4D14-B384-726C3ADC3CB7}.Debug|iPhoneSimulator.ActiveCfg = Debug|x86
		{C2D1A2D6-9DC0-4D14-B384-726C3ADC3CB7}.Debug|iPhoneSimulator.Build.0 = Debug|x86
		{C2D1A2D6-9DC0-4D14-B384-726C3ADC3CB7}.Debug|iPhoneSimulator.Deploy.0 = Debug|x86
		{C2D1A2D6-9DC0-4D14-B384-726C3ADC3CB7}.Debug|Mixed Platforms.ActiveCfg = Debug|x86
		{C2D1A2D6-9DC0-4D14-B384-726C3ADC3CB7}.Debug|Mixed Platforms.Build.0 = Debug|x86
		{C2D1A2D6-9DC0-4D14-B384-726C3ADC3CB7}.Debug|Mixed Platforms.Deploy.0 = Debug|x86
		{C2D1A2D6-9DC0-4D14-B384-726C3ADC3CB7}.Debug|x86.ActiveCfg = Debug|x86
		{C2D1A2D6-9DC0-4D14-B384-726C3ADC3CB7}.Debug|x86.Build.0 = Debug|x86
		{C2D1A2D6-9DC0-4D14-B384-726C3ADC3CB7}.Debug|x86.Deploy.0 = Debug|x86
		{C2D1A2D6-9DC0-4D14-B384-726C3ADC3CB7}.Release|Any CPU.ActiveCfg = Release|Any CPU
		{C2D1A2D6-9DC0-4D14-B384-726C3ADC3CB7}.Release|Any CPU.Build.0 = Release|Any CPU
		{C2D1A2D6-9DC0-4D14-B384-726C3ADC3CB7}.Release|Any CPU.Deploy.0 = Release|Any CPU
		{C2D1A2D6-9DC0-4D14-B384-726C3ADC3CB7}.Release|ARM.ActiveCfg = Release|ARM
		{C2D1A2D6-9DC0-4D14-B384-726C3ADC3CB7}.Release|ARM.Build.0 = Release|ARM
		{C2D1A2D6-9DC0-4D14-B384-726C3ADC3CB7}.Release|ARM.Deploy.0 = Release|ARM
		{C2D1A2D6-9DC0-4D14-B384-726C3ADC3CB7}.Release|iPhone.ActiveCfg = Release|Any CPU
		{C2D1A2D6-9DC0-4D14-B384-726C3ADC3CB7}.Release|iPhoneSimulator.ActiveCfg = Release|Any CPU
		{C2D1A2D6-9DC0-4D14-B384-726C3ADC3CB7}.Release|Mixed Platforms.ActiveCfg = Release|x86
		{C2D1A2D6-9DC0-4D14-B384-726C3ADC3CB7}.Release|Mixed Platforms.Build.0 = Release|x86
		{C2D1A2D6-9DC0-4D14-B384-726C3ADC3CB7}.Release|Mixed Platforms.Deploy.0 = Release|x86
		{C2D1A2D6-9DC0-4D14-B384-726C3ADC3CB7}.Release|x86.ActiveCfg = Release|x86
		{C2D1A2D6-9DC0-4D14-B384-726C3ADC3CB7}.Release|x86.Build.0 = Release|x86
		{C2D1A2D6-9DC0-4D14-B384-726C3ADC3CB7}.Release|x86.Deploy.0 = Release|x86
	EndGlobalSection
	GlobalSection(SolutionProperties) = preSolution
		HideSolutionNode = FALSE
	EndGlobalSection
EndGlobal
